// !$*UTF8*$!
{
	archiveVersion = 1;
	classes = {
	};
	objectVersion = 56;
	objects = {

/* Begin PBXBuildFile section */
		5813330D2BA0A463001E17B4 /* FirebaseAnalytics in Frameworks */ = {isa = PBXBuildFile; productRef = 5813330C2BA0A463001E17B4 /* FirebaseAnalytics */; };
		5813330F2BA0A463001E17B4 /* FirebaseAnalyticsOnDeviceConversion in Frameworks */ = {isa = PBXBuildFile; productRef = 5813330E2BA0A463001E17B4 /* FirebaseAnalyticsOnDeviceConversion */; };
		581333112BA0A463001E17B4 /* FirebaseAnalyticsSwift in Frameworks */ = {isa = PBXBuildFile; productRef = 581333102BA0A463001E17B4 /* FirebaseAnalyticsSwift */; };
		581333132BA0A463001E17B4 /* FirebaseAnalyticsWithoutAdIdSupport in Frameworks */ = {isa = PBXBuildFile; productRef = 581333122BA0A463001E17B4 /* FirebaseAnalyticsWithoutAdIdSupport */; };
		581333152BA0A463001E17B4 /* FirebaseAppCheck in Frameworks */ = {isa = PBXBuildFile; productRef = 581333142BA0A463001E17B4 /* FirebaseAppCheck */; };
		581333172BA0A463001E17B4 /* FirebaseAppDistribution-Beta in Frameworks */ = {isa = PBXBuildFile; productRef = 581333162BA0A463001E17B4 /* FirebaseAppDistribution-Beta */; };
		581333192BA0A463001E17B4 /* FirebaseAuth in Frameworks */ = {isa = PBXBuildFile; productRef = 581333182BA0A463001E17B4 /* FirebaseAuth */; };
		5813331B2BA0A463001E17B4 /* FirebaseAuthCombine-Community in Frameworks */ = {isa = PBXBuildFile; productRef = 5813331A2BA0A463001E17B4 /* FirebaseAuthCombine-Community */; };
		5813331D2BA0A463001E17B4 /* FirebaseCrashlytics in Frameworks */ = {isa = PBXBuildFile; productRef = 5813331C2BA0A463001E17B4 /* FirebaseCrashlytics */; };
		5813331F2BA0A463001E17B4 /* FirebaseDatabase in Frameworks */ = {isa = PBXBuildFile; productRef = 5813331E2BA0A463001E17B4 /* FirebaseDatabase */; };
		581333212BA0A463001E17B4 /* FirebaseDatabaseSwift in Frameworks */ = {isa = PBXBuildFile; productRef = 581333202BA0A463001E17B4 /* FirebaseDatabaseSwift */; };
		581333232BA0A463001E17B4 /* FirebaseDynamicLinks in Frameworks */ = {isa = PBXBuildFile; productRef = 581333222BA0A463001E17B4 /* FirebaseDynamicLinks */; };
		581333252BA0A463001E17B4 /* FirebaseFirestore in Frameworks */ = {isa = PBXBuildFile; productRef = 581333242BA0A463001E17B4 /* FirebaseFirestore */; };
		581333272BA0A463001E17B4 /* FirebaseFirestoreCombine-Community in Frameworks */ = {isa = PBXBuildFile; productRef = 581333262BA0A463001E17B4 /* FirebaseFirestoreCombine-Community */; };
		581333292BA0A463001E17B4 /* FirebaseFirestoreSwift in Frameworks */ = {isa = PBXBuildFile; productRef = 581333282BA0A463001E17B4 /* FirebaseFirestoreSwift */; };
		5813332B2BA0A463001E17B4 /* FirebaseFunctions in Frameworks */ = {isa = PBXBuildFile; productRef = 5813332A2BA0A463001E17B4 /* FirebaseFunctions */; };
		5813332D2BA0A463001E17B4 /* FirebaseFunctionsCombine-Community in Frameworks */ = {isa = PBXBuildFile; productRef = 5813332C2BA0A463001E17B4 /* FirebaseFunctionsCombine-Community */; };
		5813332F2BA0A463001E17B4 /* FirebaseInAppMessaging-Beta in Frameworks */ = {isa = PBXBuildFile; productRef = 5813332E2BA0A463001E17B4 /* FirebaseInAppMessaging-Beta */; };
		581333312BA0A463001E17B4 /* FirebaseInAppMessagingSwift-Beta in Frameworks */ = {isa = PBXBuildFile; productRef = 581333302BA0A463001E17B4 /* FirebaseInAppMessagingSwift-Beta */; };
		581333332BA0A463001E17B4 /* FirebaseInstallations in Frameworks */ = {isa = PBXBuildFile; productRef = 581333322BA0A463001E17B4 /* FirebaseInstallations */; };
		581333352BA0A463001E17B4 /* FirebaseMLModelDownloader in Frameworks */ = {isa = PBXBuildFile; productRef = 581333342BA0A463001E17B4 /* FirebaseMLModelDownloader */; };
		581333372BA0A463001E17B4 /* FirebaseMessaging in Frameworks */ = {isa = PBXBuildFile; productRef = 581333362BA0A463001E17B4 /* FirebaseMessaging */; };
		581333392BA0A463001E17B4 /* FirebasePerformance in Frameworks */ = {isa = PBXBuildFile; productRef = 581333382BA0A463001E17B4 /* FirebasePerformance */; };
		5813333B2BA0A463001E17B4 /* FirebaseRemoteConfig in Frameworks */ = {isa = PBXBuildFile; productRef = 5813333A2BA0A463001E17B4 /* FirebaseRemoteConfig */; };
		5813333D2BA0A463001E17B4 /* FirebaseRemoteConfigSwift in Frameworks */ = {isa = PBXBuildFile; productRef = 5813333C2BA0A463001E17B4 /* FirebaseRemoteConfigSwift */; };
		5813333F2BA0A463001E17B4 /* FirebaseStorage in Frameworks */ = {isa = PBXBuildFile; productRef = 5813333E2BA0A463001E17B4 /* FirebaseStorage */; };
		581333412BA0A463001E17B4 /* FirebaseStorageCombine-Community in Frameworks */ = {isa = PBXBuildFile; productRef = 581333402BA0A463001E17B4 /* FirebaseStorageCombine-Community */; };
		581ADE652B9A152F00CA0B6D /* AppDelegate.swift in Sources */ = {isa = PBXBuildFile; fileRef = 581ADE642B9A152F00CA0B6D /* AppDelegate.swift */; };
		581ADE672B9A152F00CA0B6D /* SceneDelegate.swift in Sources */ = {isa = PBXBuildFile; fileRef = 581ADE662B9A152F00CA0B6D /* SceneDelegate.swift */; };
		581ADE712B9A153100CA0B6D /* LaunchScreen.storyboard in Resources */ = {isa = PBXBuildFile; fileRef = 581ADE6F2B9A153100CA0B6D /* LaunchScreen.storyboard */; };
		CE0A74622BA8DDF300361881 /* Poppins-ExtraLight.ttf in Resources */ = {isa = PBXBuildFile; fileRef = CE0A744F2BA8DDF300361881 /* Poppins-ExtraLight.ttf */; };
		CE0A74632BA8DDF300361881 /* Poppins-ThinItalic.ttf in Resources */ = {isa = PBXBuildFile; fileRef = CE0A74502BA8DDF300361881 /* Poppins-ThinItalic.ttf */; };
		CE0A74642BA8DDF300361881 /* Poppins-ExtraLightItalic.ttf in Resources */ = {isa = PBXBuildFile; fileRef = CE0A74512BA8DDF300361881 /* Poppins-ExtraLightItalic.ttf */; };
		CE0A74652BA8DDF300361881 /* Poppins-BoldItalic.ttf in Resources */ = {isa = PBXBuildFile; fileRef = CE0A74522BA8DDF300361881 /* Poppins-BoldItalic.ttf */; };
		CE0A74662BA8DDF300361881 /* Poppins-Light.ttf in Resources */ = {isa = PBXBuildFile; fileRef = CE0A74532BA8DDF300361881 /* Poppins-Light.ttf */; };
		CE0A74672BA8DDF300361881 /* Poppins-Medium.ttf in Resources */ = {isa = PBXBuildFile; fileRef = CE0A74542BA8DDF300361881 /* Poppins-Medium.ttf */; };
		CE0A74682BA8DDF300361881 /* Poppins-SemiBoldItalic.ttf in Resources */ = {isa = PBXBuildFile; fileRef = CE0A74552BA8DDF300361881 /* Poppins-SemiBoldItalic.ttf */; };
		CE0A74692BA8DDF300361881 /* Poppins-ExtraBoldItalic.ttf in Resources */ = {isa = PBXBuildFile; fileRef = CE0A74562BA8DDF300361881 /* Poppins-ExtraBoldItalic.ttf */; };
		CE0A746A2BA8DDF300361881 /* Poppins-ExtraBold.ttf in Resources */ = {isa = PBXBuildFile; fileRef = CE0A74572BA8DDF300361881 /* Poppins-ExtraBold.ttf */; };
		CE0A746B2BA8DDF300361881 /* Poppins-BlackItalic.ttf in Resources */ = {isa = PBXBuildFile; fileRef = CE0A74582BA8DDF300361881 /* Poppins-BlackItalic.ttf */; };
		CE0A746C2BA8DDF300361881 /* OFL.txt in Resources */ = {isa = PBXBuildFile; fileRef = CE0A74592BA8DDF300361881 /* OFL.txt */; };
		CE0A746D2BA8DDF300361881 /* Poppins-Regular.ttf in Resources */ = {isa = PBXBuildFile; fileRef = CE0A745A2BA8DDF300361881 /* Poppins-Regular.ttf */; };
		CE0A746E2BA8DDF300361881 /* Poppins-LightItalic.ttf in Resources */ = {isa = PBXBuildFile; fileRef = CE0A745B2BA8DDF300361881 /* Poppins-LightItalic.ttf */; };
		CE0A746F2BA8DDF300361881 /* Poppins-Bold.ttf in Resources */ = {isa = PBXBuildFile; fileRef = CE0A745C2BA8DDF300361881 /* Poppins-Bold.ttf */; };
		CE0A74702BA8DDF300361881 /* Poppins-Black.ttf in Resources */ = {isa = PBXBuildFile; fileRef = CE0A745D2BA8DDF300361881 /* Poppins-Black.ttf */; };
		CE0A74712BA8DDF300361881 /* Poppins-Thin.ttf in Resources */ = {isa = PBXBuildFile; fileRef = CE0A745E2BA8DDF300361881 /* Poppins-Thin.ttf */; };
		CE0A74722BA8DDF300361881 /* Poppins-SemiBold.ttf in Resources */ = {isa = PBXBuildFile; fileRef = CE0A745F2BA8DDF300361881 /* Poppins-SemiBold.ttf */; };
		CE0A74732BA8DDF300361881 /* Poppins-Italic.ttf in Resources */ = {isa = PBXBuildFile; fileRef = CE0A74602BA8DDF300361881 /* Poppins-Italic.ttf */; };
		CE0A74742BA8DDF300361881 /* Poppins-MediumItalic.ttf in Resources */ = {isa = PBXBuildFile; fileRef = CE0A74612BA8DDF300361881 /* Poppins-MediumItalic.ttf */; };
		CE0A747A2BA8DDFE00361881 /* SignUpViewController.swift in Sources */ = {isa = PBXBuildFile; fileRef = CE0A74762BA8DDFE00361881 /* SignUpViewController.swift */; };
		CE0A747B2BA8DDFE00361881 /* HomeViewController.swift in Sources */ = {isa = PBXBuildFile; fileRef = CE0A74772BA8DDFE00361881 /* HomeViewController.swift */; };
		CE0A747C2BA8DDFE00361881 /* ManageViewController.swift in Sources */ = {isa = PBXBuildFile; fileRef = CE0A74782BA8DDFE00361881 /* ManageViewController.swift */; };
		CE0A747D2BA8DDFE00361881 /* LogInViewController.swift in Sources */ = {isa = PBXBuildFile; fileRef = CE0A74792BA8DDFE00361881 /* LogInViewController.swift */; };
		CE0A74852BA8DE0F00361881 /* DesignableDatePicker.swift in Sources */ = {isa = PBXBuildFile; fileRef = CE0A747F2BA8DE0F00361881 /* DesignableDatePicker.swift */; };
		CE0A74862BA8DE0F00361881 /* DesignablePopUpCard.swift in Sources */ = {isa = PBXBuildFile; fileRef = CE0A74802BA8DE0F00361881 /* DesignablePopUpCard.swift */; };
		CE0A74872BA8DE0F00361881 /* DesignableUITextField.swift in Sources */ = {isa = PBXBuildFile; fileRef = CE0A74812BA8DE0F00361881 /* DesignableUITextField.swift */; };
		CE0A74882BA8DE0F00361881 /* DesignableUIButton.swift in Sources */ = {isa = PBXBuildFile; fileRef = CE0A74822BA8DE0F00361881 /* DesignableUIButton.swift */; };
		CE0A74892BA8DE0F00361881 /* DesignableViewBox.swift in Sources */ = {isa = PBXBuildFile; fileRef = CE0A74832BA8DE0F00361881 /* DesignableViewBox.swift */; };
		CE0A748A2BA8DE0F00361881 /* DesignableTaskView.swift in Sources */ = {isa = PBXBuildFile; fileRef = CE0A74842BA8DE0F00361881 /* DesignableTaskView.swift */; };
		CE0A748D2BA8DE1600361881 /* TaskView.xib in Resources */ = {isa = PBXBuildFile; fileRef = CE0A748C2BA8DE1600361881 /* TaskView.xib */; };
		CE0A748F2BA8DE1F00361881 /* Main.storyboard in Resources */ = {isa = PBXBuildFile; fileRef = CE0A748E2BA8DE1F00361881 /* Main.storyboard */; };
		CE0A74912BA8DE2C00361881 /* Assets.xcassets in Resources */ = {isa = PBXBuildFile; fileRef = CE0A74902BA8DE2C00361881 /* Assets.xcassets */; };
		CE0A74932BA8E12C00361881 /* GoogleService-Info.plist in Resources */ = {isa = PBXBuildFile; fileRef = CE0A74922BA8E12C00361881 /* GoogleService-Info.plist */; };
/* End PBXBuildFile section */

/* Begin PBXFileReference section */
		581ADE612B9A152F00CA0B6D /* MixedNuts02.app */ = {isa = PBXFileReference; explicitFileType = wrapper.application; includeInIndex = 0; path = MixedNuts02.app; sourceTree = BUILT_PRODUCTS_DIR; };
		581ADE642B9A152F00CA0B6D /* AppDelegate.swift */ = {isa = PBXFileReference; lastKnownFileType = sourcecode.swift; path = AppDelegate.swift; sourceTree = "<group>"; };
		581ADE662B9A152F00CA0B6D /* SceneDelegate.swift */ = {isa = PBXFileReference; lastKnownFileType = sourcecode.swift; path = SceneDelegate.swift; sourceTree = "<group>"; };
		581ADE702B9A153100CA0B6D /* Base */ = {isa = PBXFileReference; lastKnownFileType = file.storyboard; name = Base; path = Base.lproj/LaunchScreen.storyboard; sourceTree = "<group>"; };
		581ADE722B9A153100CA0B6D /* Info.plist */ = {isa = PBXFileReference; lastKnownFileType = text.plist.xml; path = Info.plist; sourceTree = "<group>"; };
		CE0A744F2BA8DDF300361881 /* Poppins-ExtraLight.ttf */ = {isa = PBXFileReference; lastKnownFileType = file; path = "Poppins-ExtraLight.ttf"; sourceTree = "<group>"; };
		CE0A74502BA8DDF300361881 /* Poppins-ThinItalic.ttf */ = {isa = PBXFileReference; lastKnownFileType = file; path = "Poppins-ThinItalic.ttf"; sourceTree = "<group>"; };
		CE0A74512BA8DDF300361881 /* Poppins-ExtraLightItalic.ttf */ = {isa = PBXFileReference; lastKnownFileType = file; path = "Poppins-ExtraLightItalic.ttf"; sourceTree = "<group>"; };
		CE0A74522BA8DDF300361881 /* Poppins-BoldItalic.ttf */ = {isa = PBXFileReference; lastKnownFileType = file; path = "Poppins-BoldItalic.ttf"; sourceTree = "<group>"; };
		CE0A74532BA8DDF300361881 /* Poppins-Light.ttf */ = {isa = PBXFileReference; lastKnownFileType = file; path = "Poppins-Light.ttf"; sourceTree = "<group>"; };
		CE0A74542BA8DDF300361881 /* Poppins-Medium.ttf */ = {isa = PBXFileReference; lastKnownFileType = file; path = "Poppins-Medium.ttf"; sourceTree = "<group>"; };
		CE0A74552BA8DDF300361881 /* Poppins-SemiBoldItalic.ttf */ = {isa = PBXFileReference; lastKnownFileType = file; path = "Poppins-SemiBoldItalic.ttf"; sourceTree = "<group>"; };
		CE0A74562BA8DDF300361881 /* Poppins-ExtraBoldItalic.ttf */ = {isa = PBXFileReference; lastKnownFileType = file; path = "Poppins-ExtraBoldItalic.ttf"; sourceTree = "<group>"; };
		CE0A74572BA8DDF300361881 /* Poppins-ExtraBold.ttf */ = {isa = PBXFileReference; lastKnownFileType = file; path = "Poppins-ExtraBold.ttf"; sourceTree = "<group>"; };
		CE0A74582BA8DDF300361881 /* Poppins-BlackItalic.ttf */ = {isa = PBXFileReference; lastKnownFileType = file; path = "Poppins-BlackItalic.ttf"; sourceTree = "<group>"; };
		CE0A74592BA8DDF300361881 /* OFL.txt */ = {isa = PBXFileReference; fileEncoding = 4; lastKnownFileType = text; path = OFL.txt; sourceTree = "<group>"; };
		CE0A745A2BA8DDF300361881 /* Poppins-Regular.ttf */ = {isa = PBXFileReference; lastKnownFileType = file; path = "Poppins-Regular.ttf"; sourceTree = "<group>"; };
		CE0A745B2BA8DDF300361881 /* Poppins-LightItalic.ttf */ = {isa = PBXFileReference; lastKnownFileType = file; path = "Poppins-LightItalic.ttf"; sourceTree = "<group>"; };
		CE0A745C2BA8DDF300361881 /* Poppins-Bold.ttf */ = {isa = PBXFileReference; lastKnownFileType = file; path = "Poppins-Bold.ttf"; sourceTree = "<group>"; };
		CE0A745D2BA8DDF300361881 /* Poppins-Black.ttf */ = {isa = PBXFileReference; lastKnownFileType = file; path = "Poppins-Black.ttf"; sourceTree = "<group>"; };
		CE0A745E2BA8DDF300361881 /* Poppins-Thin.ttf */ = {isa = PBXFileReference; lastKnownFileType = file; path = "Poppins-Thin.ttf"; sourceTree = "<group>"; };
		CE0A745F2BA8DDF300361881 /* Poppins-SemiBold.ttf */ = {isa = PBXFileReference; lastKnownFileType = file; path = "Poppins-SemiBold.ttf"; sourceTree = "<group>"; };
		CE0A74602BA8DDF300361881 /* Poppins-Italic.ttf */ = {isa = PBXFileReference; lastKnownFileType = file; path = "Poppins-Italic.ttf"; sourceTree = "<group>"; };
		CE0A74612BA8DDF300361881 /* Poppins-MediumItalic.ttf */ = {isa = PBXFileReference; lastKnownFileType = file; path = "Poppins-MediumItalic.ttf"; sourceTree = "<group>"; };
		CE0A74762BA8DDFE00361881 /* SignUpViewController.swift */ = {isa = PBXFileReference; fileEncoding = 4; lastKnownFileType = sourcecode.swift; path = SignUpViewController.swift; sourceTree = "<group>"; };
		CE0A74772BA8DDFE00361881 /* HomeViewController.swift */ = {isa = PBXFileReference; fileEncoding = 4; lastKnownFileType = sourcecode.swift; path = HomeViewController.swift; sourceTree = "<group>"; };
		CE0A74782BA8DDFE00361881 /* ManageViewController.swift */ = {isa = PBXFileReference; fileEncoding = 4; lastKnownFileType = sourcecode.swift; path = ManageViewController.swift; sourceTree = "<group>"; };
		CE0A74792BA8DDFE00361881 /* LogInViewController.swift */ = {isa = PBXFileReference; fileEncoding = 4; lastKnownFileType = sourcecode.swift; path = LogInViewController.swift; sourceTree = "<group>"; };
		CE0A747F2BA8DE0F00361881 /* DesignableDatePicker.swift */ = {isa = PBXFileReference; fileEncoding = 4; lastKnownFileType = sourcecode.swift; path = DesignableDatePicker.swift; sourceTree = "<group>"; };
		CE0A74802BA8DE0F00361881 /* DesignablePopUpCard.swift */ = {isa = PBXFileReference; fileEncoding = 4; lastKnownFileType = sourcecode.swift; path = DesignablePopUpCard.swift; sourceTree = "<group>"; };
		CE0A74812BA8DE0F00361881 /* DesignableUITextField.swift */ = {isa = PBXFileReference; fileEncoding = 4; lastKnownFileType = sourcecode.swift; path = DesignableUITextField.swift; sourceTree = "<group>"; };
		CE0A74822BA8DE0F00361881 /* DesignableUIButton.swift */ = {isa = PBXFileReference; fileEncoding = 4; lastKnownFileType = sourcecode.swift; path = DesignableUIButton.swift; sourceTree = "<group>"; };
		CE0A74832BA8DE0F00361881 /* DesignableViewBox.swift */ = {isa = PBXFileReference; fileEncoding = 4; lastKnownFileType = sourcecode.swift; path = DesignableViewBox.swift; sourceTree = "<group>"; };
		CE0A74842BA8DE0F00361881 /* DesignableTaskView.swift */ = {isa = PBXFileReference; fileEncoding = 4; lastKnownFileType = sourcecode.swift; path = DesignableTaskView.swift; sourceTree = "<group>"; };
		CE0A748C2BA8DE1600361881 /* TaskView.xib */ = {isa = PBXFileReference; fileEncoding = 4; lastKnownFileType = file.xib; path = TaskView.xib; sourceTree = "<group>"; };
		CE0A748E2BA8DE1F00361881 /* Main.storyboard */ = {isa = PBXFileReference; fileEncoding = 4; lastKnownFileType = file.storyboard; path = Main.storyboard; sourceTree = "<group>"; };
		CE0A74902BA8DE2C00361881 /* Assets.xcassets */ = {isa = PBXFileReference; lastKnownFileType = folder.assetcatalog; name = Assets.xcassets; path = ../../../../Downloads/Milestone2/Milestone2/Assets.xcassets; sourceTree = "<group>"; };
		CE0A74922BA8E12C00361881 /* GoogleService-Info.plist */ = {isa = PBXFileReference; fileEncoding = 4; lastKnownFileType = text.plist.xml; path = "GoogleService-Info.plist"; sourceTree = "<group>"; };
/* End PBXFileReference section */

/* Begin PBXFrameworksBuildPhase section */
		581ADE5E2B9A152F00CA0B6D /* Frameworks */ = {
			isa = PBXFrameworksBuildPhase;
			buildActionMask = 2147483647;
			files = (
				5813331F2BA0A463001E17B4 /* FirebaseDatabase in Frameworks */,
				5813332D2BA0A463001E17B4 /* FirebaseFunctionsCombine-Community in Frameworks */,
				581333252BA0A463001E17B4 /* FirebaseFirestore in Frameworks */,
				581333112BA0A463001E17B4 /* FirebaseAnalyticsSwift in Frameworks */,
				5813330D2BA0A463001E17B4 /* FirebaseAnalytics in Frameworks */,
				5813330F2BA0A463001E17B4 /* FirebaseAnalyticsOnDeviceConversion in Frameworks */,
				581333352BA0A463001E17B4 /* FirebaseMLModelDownloader in Frameworks */,
				581333292BA0A463001E17B4 /* FirebaseFirestoreSwift in Frameworks */,
				581333152BA0A463001E17B4 /* FirebaseAppCheck in Frameworks */,
				581333132BA0A463001E17B4 /* FirebaseAnalyticsWithoutAdIdSupport in Frameworks */,
				581333192BA0A463001E17B4 /* FirebaseAuth in Frameworks */,
				5813331D2BA0A463001E17B4 /* FirebaseCrashlytics in Frameworks */,
				5813333D2BA0A463001E17B4 /* FirebaseRemoteConfigSwift in Frameworks */,
				5813332F2BA0A463001E17B4 /* FirebaseInAppMessaging-Beta in Frameworks */,
				581333212BA0A463001E17B4 /* FirebaseDatabaseSwift in Frameworks */,
				5813332B2BA0A463001E17B4 /* FirebaseFunctions in Frameworks */,
				581333412BA0A463001E17B4 /* FirebaseStorageCombine-Community in Frameworks */,
				5813333B2BA0A463001E17B4 /* FirebaseRemoteConfig in Frameworks */,
				581333172BA0A463001E17B4 /* FirebaseAppDistribution-Beta in Frameworks */,
				5813331B2BA0A463001E17B4 /* FirebaseAuthCombine-Community in Frameworks */,
				581333392BA0A463001E17B4 /* FirebasePerformance in Frameworks */,
				581333312BA0A463001E17B4 /* FirebaseInAppMessagingSwift-Beta in Frameworks */,
				5813333F2BA0A463001E17B4 /* FirebaseStorage in Frameworks */,
				581333232BA0A463001E17B4 /* FirebaseDynamicLinks in Frameworks */,
				581333272BA0A463001E17B4 /* FirebaseFirestoreCombine-Community in Frameworks */,
				581333372BA0A463001E17B4 /* FirebaseMessaging in Frameworks */,
				581333332BA0A463001E17B4 /* FirebaseInstallations in Frameworks */,
			);
			runOnlyForDeploymentPostprocessing = 0;
		};
/* End PBXFrameworksBuildPhase section */

/* Begin PBXGroup section */
		581ADE582B9A152F00CA0B6D = {
			isa = PBXGroup;
			children = (
				581ADE632B9A152F00CA0B6D /* MixedNuts02 */,
				581ADE622B9A152F00CA0B6D /* Products */,
			);
			sourceTree = "<group>";
		};
		581ADE622B9A152F00CA0B6D /* Products */ = {
			isa = PBXGroup;
			children = (
				581ADE612B9A152F00CA0B6D /* MixedNuts02.app */,
			);
			name = Products;
			sourceTree = "<group>";
		};
		581ADE632B9A152F00CA0B6D /* MixedNuts02 */ = {
			isa = PBXGroup;
			children = (
				CE0A744E2BA8DDF300361881 /* Poppins */,
				581ADE642B9A152F00CA0B6D /* AppDelegate.swift */,
				581ADE662B9A152F00CA0B6D /* SceneDelegate.swift */,
				CE0A74752BA8DDFE00361881 /* ViewControllers */,
				CE0A747E2BA8DE0F00361881 /* Designables */,
				CE0A748B2BA8DE1600361881 /* Views */,
				CE0A748E2BA8DE1F00361881 /* Main.storyboard */,
				CE0A74902BA8DE2C00361881 /* Assets.xcassets */,
				581ADE6F2B9A153100CA0B6D /* LaunchScreen.storyboard */,
				581ADE722B9A153100CA0B6D /* Info.plist */,
				CE0A74922BA8E12C00361881 /* GoogleService-Info.plist */,
			);
			path = MixedNuts02;
			sourceTree = "<group>";
		};
		CE0A744E2BA8DDF300361881 /* Poppins */ = {
			isa = PBXGroup;
			children = (
				CE0A744F2BA8DDF300361881 /* Poppins-ExtraLight.ttf */,
				CE0A74502BA8DDF300361881 /* Poppins-ThinItalic.ttf */,
				CE0A74512BA8DDF300361881 /* Poppins-ExtraLightItalic.ttf */,
				CE0A74522BA8DDF300361881 /* Poppins-BoldItalic.ttf */,
				CE0A74532BA8DDF300361881 /* Poppins-Light.ttf */,
				CE0A74542BA8DDF300361881 /* Poppins-Medium.ttf */,
				CE0A74552BA8DDF300361881 /* Poppins-SemiBoldItalic.ttf */,
				CE0A74562BA8DDF300361881 /* Poppins-ExtraBoldItalic.ttf */,
				CE0A74572BA8DDF300361881 /* Poppins-ExtraBold.ttf */,
				CE0A74582BA8DDF300361881 /* Poppins-BlackItalic.ttf */,
				CE0A74592BA8DDF300361881 /* OFL.txt */,
				CE0A745A2BA8DDF300361881 /* Poppins-Regular.ttf */,
				CE0A745B2BA8DDF300361881 /* Poppins-LightItalic.ttf */,
				CE0A745C2BA8DDF300361881 /* Poppins-Bold.ttf */,
				CE0A745D2BA8DDF300361881 /* Poppins-Black.ttf */,
				CE0A745E2BA8DDF300361881 /* Poppins-Thin.ttf */,
				CE0A745F2BA8DDF300361881 /* Poppins-SemiBold.ttf */,
				CE0A74602BA8DDF300361881 /* Poppins-Italic.ttf */,
				CE0A74612BA8DDF300361881 /* Poppins-MediumItalic.ttf */,
			);
			path = Poppins;
			sourceTree = "<group>";
		};
		CE0A74752BA8DDFE00361881 /* ViewControllers */ = {
			isa = PBXGroup;
			children = (
				CE0A74762BA8DDFE00361881 /* SignUpViewController.swift */,
				CE0A74772BA8DDFE00361881 /* HomeViewController.swift */,
				CE0A74782BA8DDFE00361881 /* ManageViewController.swift */,
				CE0A74792BA8DDFE00361881 /* LogInViewController.swift */,
			);
			path = ViewControllers;
			sourceTree = "<group>";
		};
		CE0A747E2BA8DE0F00361881 /* Designables */ = {
			isa = PBXGroup;
			children = (
				CE0A747F2BA8DE0F00361881 /* DesignableDatePicker.swift */,
				CE0A74802BA8DE0F00361881 /* DesignablePopUpCard.swift */,
				CE0A74812BA8DE0F00361881 /* DesignableUITextField.swift */,
				CE0A74822BA8DE0F00361881 /* DesignableUIButton.swift */,
				CE0A74832BA8DE0F00361881 /* DesignableViewBox.swift */,
				CE0A74842BA8DE0F00361881 /* DesignableTaskView.swift */,
			);
			path = Designables;
			sourceTree = "<group>";
		};
		CE0A748B2BA8DE1600361881 /* Views */ = {
			isa = PBXGroup;
			children = (
				CE0A748C2BA8DE1600361881 /* TaskView.xib */,
			);
			path = Views;
			sourceTree = "<group>";
		};
/* End PBXGroup section */

/* Begin PBXNativeTarget section */
		581ADE602B9A152F00CA0B6D /* MixedNuts02 */ = {
			isa = PBXNativeTarget;
			buildConfigurationList = 581ADE752B9A153100CA0B6D /* Build configuration list for PBXNativeTarget "MixedNuts02" */;
			buildPhases = (
				581ADE5D2B9A152F00CA0B6D /* Sources */,
				581ADE5E2B9A152F00CA0B6D /* Frameworks */,
				581ADE5F2B9A152F00CA0B6D /* Resources */,
			);
			buildRules = (
			);
			dependencies = (
			);
			name = MixedNuts02;
			packageProductDependencies = (
				5813330C2BA0A463001E17B4 /* FirebaseAnalytics */,
				5813330E2BA0A463001E17B4 /* FirebaseAnalyticsOnDeviceConversion */,
				581333102BA0A463001E17B4 /* FirebaseAnalyticsSwift */,
				581333122BA0A463001E17B4 /* FirebaseAnalyticsWithoutAdIdSupport */,
				581333142BA0A463001E17B4 /* FirebaseAppCheck */,
				581333162BA0A463001E17B4 /* FirebaseAppDistribution-Beta */,
				581333182BA0A463001E17B4 /* FirebaseAuth */,
				5813331A2BA0A463001E17B4 /* FirebaseAuthCombine-Community */,
				5813331C2BA0A463001E17B4 /* FirebaseCrashlytics */,
				5813331E2BA0A463001E17B4 /* FirebaseDatabase */,
				581333202BA0A463001E17B4 /* FirebaseDatabaseSwift */,
				581333222BA0A463001E17B4 /* FirebaseDynamicLinks */,
				581333242BA0A463001E17B4 /* FirebaseFirestore */,
				581333262BA0A463001E17B4 /* FirebaseFirestoreCombine-Community */,
				581333282BA0A463001E17B4 /* FirebaseFirestoreSwift */,
				5813332A2BA0A463001E17B4 /* FirebaseFunctions */,
				5813332C2BA0A463001E17B4 /* FirebaseFunctionsCombine-Community */,
				5813332E2BA0A463001E17B4 /* FirebaseInAppMessaging-Beta */,
				581333302BA0A463001E17B4 /* FirebaseInAppMessagingSwift-Beta */,
				581333322BA0A463001E17B4 /* FirebaseInstallations */,
				581333342BA0A463001E17B4 /* FirebaseMLModelDownloader */,
				581333362BA0A463001E17B4 /* FirebaseMessaging */,
				581333382BA0A463001E17B4 /* FirebasePerformance */,
				5813333A2BA0A463001E17B4 /* FirebaseRemoteConfig */,
				5813333C2BA0A463001E17B4 /* FirebaseRemoteConfigSwift */,
				5813333E2BA0A463001E17B4 /* FirebaseStorage */,
				581333402BA0A463001E17B4 /* FirebaseStorageCombine-Community */,
			);
			productName = MixedNuts02;
			productReference = 581ADE612B9A152F00CA0B6D /* MixedNuts02.app */;
			productType = "com.apple.product-type.application";
		};
/* End PBXNativeTarget section */

/* Begin PBXProject section */
		581ADE592B9A152F00CA0B6D /* Project object */ = {
			isa = PBXProject;
			attributes = {
				BuildIndependentTargetsInParallel = 1;
				LastSwiftUpdateCheck = 1520;
				LastUpgradeCheck = 1520;
				TargetAttributes = {
					581ADE602B9A152F00CA0B6D = {
						CreatedOnToolsVersion = 15.2;
					};
				};
			};
			buildConfigurationList = 581ADE5C2B9A152F00CA0B6D /* Build configuration list for PBXProject "MixedNuts02" */;
			compatibilityVersion = "Xcode 14.0";
			developmentRegion = en;
			hasScannedForEncodings = 0;
			knownRegions = (
				en,
				Base,
			);
			mainGroup = 581ADE582B9A152F00CA0B6D;
			packageReferences = (
				5813330B2BA0A463001E17B4 /* XCRemoteSwiftPackageReference "firebase-ios-sdk" */,
			);
			productRefGroup = 581ADE622B9A152F00CA0B6D /* Products */;
			projectDirPath = "";
			projectRoot = "";
			targets = (
				581ADE602B9A152F00CA0B6D /* MixedNuts02 */,
			);
		};
/* End PBXProject section */

/* Begin PBXResourcesBuildPhase section */
		581ADE5F2B9A152F00CA0B6D /* Resources */ = {
			isa = PBXResourcesBuildPhase;
			buildActionMask = 2147483647;
			files = (
				CE0A746E2BA8DDF300361881 /* Poppins-LightItalic.ttf in Resources */,
				CE0A748F2BA8DE1F00361881 /* Main.storyboard in Resources */,
				CE0A74932BA8E12C00361881 /* GoogleService-Info.plist in Resources */,
				CE0A746F2BA8DDF300361881 /* Poppins-Bold.ttf in Resources */,
				CE0A746C2BA8DDF300361881 /* OFL.txt in Resources */,
				CE0A74692BA8DDF300361881 /* Poppins-ExtraBoldItalic.ttf in Resources */,
				CE0A74682BA8DDF300361881 /* Poppins-SemiBoldItalic.ttf in Resources */,
				CE0A74912BA8DE2C00361881 /* Assets.xcassets in Resources */,
				CE0A74702BA8DDF300361881 /* Poppins-Black.ttf in Resources */,
				CE0A74622BA8DDF300361881 /* Poppins-ExtraLight.ttf in Resources */,
				CE0A74662BA8DDF300361881 /* Poppins-Light.ttf in Resources */,
				CE0A74642BA8DDF300361881 /* Poppins-ExtraLightItalic.ttf in Resources */,
				CE0A74712BA8DDF300361881 /* Poppins-Thin.ttf in Resources */,
				581ADE712B9A153100CA0B6D /* LaunchScreen.storyboard in Resources */,
				CE0A748D2BA8DE1600361881 /* TaskView.xib in Resources */,
				CE0A746D2BA8DDF300361881 /* Poppins-Regular.ttf in Resources */,
				CE0A74632BA8DDF300361881 /* Poppins-ThinItalic.ttf in Resources */,
				CE0A746B2BA8DDF300361881 /* Poppins-BlackItalic.ttf in Resources */,
				CE0A74722BA8DDF300361881 /* Poppins-SemiBold.ttf in Resources */,
				CE0A74732BA8DDF300361881 /* Poppins-Italic.ttf in Resources */,
				CE0A74652BA8DDF300361881 /* Poppins-BoldItalic.ttf in Resources */,
				CE0A74672BA8DDF300361881 /* Poppins-Medium.ttf in Resources */,
				CE0A74742BA8DDF300361881 /* Poppins-MediumItalic.ttf in Resources */,
				CE0A746A2BA8DDF300361881 /* Poppins-ExtraBold.ttf in Resources */,
			);
			runOnlyForDeploymentPostprocessing = 0;
		};
/* End PBXResourcesBuildPhase section */

/* Begin PBXSourcesBuildPhase section */
		581ADE5D2B9A152F00CA0B6D /* Sources */ = {
			isa = PBXSourcesBuildPhase;
			buildActionMask = 2147483647;
			files = (
				CE0A74892BA8DE0F00361881 /* DesignableViewBox.swift in Sources */,
				CE0A747B2BA8DDFE00361881 /* HomeViewController.swift in Sources */,
				581ADE652B9A152F00CA0B6D /* AppDelegate.swift in Sources */,
				CE0A74882BA8DE0F00361881 /* DesignableUIButton.swift in Sources */,
				CE0A747D2BA8DDFE00361881 /* LogInViewController.swift in Sources */,
				CE0A747A2BA8DDFE00361881 /* SignUpViewController.swift in Sources */,
				CE0A748A2BA8DE0F00361881 /* DesignableTaskView.swift in Sources */,
				CE0A74872BA8DE0F00361881 /* DesignableUITextField.swift in Sources */,
				581ADE672B9A152F00CA0B6D /* SceneDelegate.swift in Sources */,
				CE0A747C2BA8DDFE00361881 /* ManageViewController.swift in Sources */,
				CE0A74862BA8DE0F00361881 /* DesignablePopUpCard.swift in Sources */,
				CE0A74852BA8DE0F00361881 /* DesignableDatePicker.swift in Sources */,
			);
			runOnlyForDeploymentPostprocessing = 0;
		};
/* End PBXSourcesBuildPhase section */

/* Begin PBXVariantGroup section */
		581ADE6F2B9A153100CA0B6D /* LaunchScreen.storyboard */ = {
			isa = PBXVariantGroup;
			children = (
				581ADE702B9A153100CA0B6D /* Base */,
			);
			name = LaunchScreen.storyboard;
			sourceTree = "<group>";
		};
/* End PBXVariantGroup section */

/* Begin XCBuildConfiguration section */
		581ADE732B9A153100CA0B6D /* Debug */ = {
			isa = XCBuildConfiguration;
			buildSettings = {
				ALWAYS_SEARCH_USER_PATHS = NO;
				ASSETCATALOG_COMPILER_GENERATE_SWIFT_ASSET_SYMBOL_EXTENSIONS = YES;
				CLANG_ANALYZER_NONNULL = YES;
				CLANG_ANALYZER_NUMBER_OBJECT_CONVERSION = YES_AGGRESSIVE;
				CLANG_CXX_LANGUAGE_STANDARD = "gnu++20";
				CLANG_ENABLE_MODULES = YES;
				CLANG_ENABLE_OBJC_ARC = YES;
				CLANG_ENABLE_OBJC_WEAK = YES;
				CLANG_WARN_BLOCK_CAPTURE_AUTORELEASING = YES;
				CLANG_WARN_BOOL_CONVERSION = YES;
				CLANG_WARN_COMMA = YES;
				CLANG_WARN_CONSTANT_CONVERSION = YES;
				CLANG_WARN_DEPRECATED_OBJC_IMPLEMENTATIONS = YES;
				CLANG_WARN_DIRECT_OBJC_ISA_USAGE = YES_ERROR;
				CLANG_WARN_DOCUMENTATION_COMMENTS = YES;
				CLANG_WARN_EMPTY_BODY = YES;
				CLANG_WARN_ENUM_CONVERSION = YES;
				CLANG_WARN_INFINITE_RECURSION = YES;
				CLANG_WARN_INT_CONVERSION = YES;
				CLANG_WARN_NON_LITERAL_NULL_CONVERSION = YES;
				CLANG_WARN_OBJC_IMPLICIT_RETAIN_SELF = YES;
				CLANG_WARN_OBJC_LITERAL_CONVERSION = YES;
				CLANG_WARN_OBJC_ROOT_CLASS = YES_ERROR;
				CLANG_WARN_QUOTED_INCLUDE_IN_FRAMEWORK_HEADER = YES;
				CLANG_WARN_RANGE_LOOP_ANALYSIS = YES;
				CLANG_WARN_STRICT_PROTOTYPES = YES;
				CLANG_WARN_SUSPICIOUS_MOVE = YES;
				CLANG_WARN_UNGUARDED_AVAILABILITY = YES_AGGRESSIVE;
				CLANG_WARN_UNREACHABLE_CODE = YES;
				CLANG_WARN__DUPLICATE_METHOD_MATCH = YES;
				COPY_PHASE_STRIP = NO;
				DEBUG_INFORMATION_FORMAT = dwarf;
				ENABLE_STRICT_OBJC_MSGSEND = YES;
				ENABLE_TESTABILITY = YES;
				ENABLE_USER_SCRIPT_SANDBOXING = YES;
				GCC_C_LANGUAGE_STANDARD = gnu17;
				GCC_DYNAMIC_NO_PIC = NO;
				GCC_NO_COMMON_BLOCKS = YES;
				GCC_OPTIMIZATION_LEVEL = 0;
				GCC_PREPROCESSOR_DEFINITIONS = (
					"DEBUG=1",
					"$(inherited)",
				);
				GCC_WARN_64_TO_32_BIT_CONVERSION = YES;
				GCC_WARN_ABOUT_RETURN_TYPE = YES_ERROR;
				GCC_WARN_UNDECLARED_SELECTOR = YES;
				GCC_WARN_UNINITIALIZED_AUTOS = YES_AGGRESSIVE;
				GCC_WARN_UNUSED_FUNCTION = YES;
				GCC_WARN_UNUSED_VARIABLE = YES;
				IPHONEOS_DEPLOYMENT_TARGET = 16.4;
				LOCALIZATION_PREFERS_STRING_CATALOGS = YES;
				MTL_ENABLE_DEBUG_INFO = INCLUDE_SOURCE;
				MTL_FAST_MATH = YES;
				ONLY_ACTIVE_ARCH = YES;
				SDKROOT = iphoneos;
				SWIFT_ACTIVE_COMPILATION_CONDITIONS = "DEBUG $(inherited)";
				SWIFT_OPTIMIZATION_LEVEL = "-Onone";
			};
			name = Debug;
		};
		581ADE742B9A153100CA0B6D /* Release */ = {
			isa = XCBuildConfiguration;
			buildSettings = {
				ALWAYS_SEARCH_USER_PATHS = NO;
				ASSETCATALOG_COMPILER_GENERATE_SWIFT_ASSET_SYMBOL_EXTENSIONS = YES;
				CLANG_ANALYZER_NONNULL = YES;
				CLANG_ANALYZER_NUMBER_OBJECT_CONVERSION = YES_AGGRESSIVE;
				CLANG_CXX_LANGUAGE_STANDARD = "gnu++20";
				CLANG_ENABLE_MODULES = YES;
				CLANG_ENABLE_OBJC_ARC = YES;
				CLANG_ENABLE_OBJC_WEAK = YES;
				CLANG_WARN_BLOCK_CAPTURE_AUTORELEASING = YES;
				CLANG_WARN_BOOL_CONVERSION = YES;
				CLANG_WARN_COMMA = YES;
				CLANG_WARN_CONSTANT_CONVERSION = YES;
				CLANG_WARN_DEPRECATED_OBJC_IMPLEMENTATIONS = YES;
				CLANG_WARN_DIRECT_OBJC_ISA_USAGE = YES_ERROR;
				CLANG_WARN_DOCUMENTATION_COMMENTS = YES;
				CLANG_WARN_EMPTY_BODY = YES;
				CLANG_WARN_ENUM_CONVERSION = YES;
				CLANG_WARN_INFINITE_RECURSION = YES;
				CLANG_WARN_INT_CONVERSION = YES;
				CLANG_WARN_NON_LITERAL_NULL_CONVERSION = YES;
				CLANG_WARN_OBJC_IMPLICIT_RETAIN_SELF = YES;
				CLANG_WARN_OBJC_LITERAL_CONVERSION = YES;
				CLANG_WARN_OBJC_ROOT_CLASS = YES_ERROR;
				CLANG_WARN_QUOTED_INCLUDE_IN_FRAMEWORK_HEADER = YES;
				CLANG_WARN_RANGE_LOOP_ANALYSIS = YES;
				CLANG_WARN_STRICT_PROTOTYPES = YES;
				CLANG_WARN_SUSPICIOUS_MOVE = YES;
				CLANG_WARN_UNGUARDED_AVAILABILITY = YES_AGGRESSIVE;
				CLANG_WARN_UNREACHABLE_CODE = YES;
				CLANG_WARN__DUPLICATE_METHOD_MATCH = YES;
				COPY_PHASE_STRIP = NO;
				DEBUG_INFORMATION_FORMAT = "dwarf-with-dsym";
				ENABLE_NS_ASSERTIONS = NO;
				ENABLE_STRICT_OBJC_MSGSEND = YES;
				ENABLE_USER_SCRIPT_SANDBOXING = YES;
				GCC_C_LANGUAGE_STANDARD = gnu17;
				GCC_NO_COMMON_BLOCKS = YES;
				GCC_WARN_64_TO_32_BIT_CONVERSION = YES;
				GCC_WARN_ABOUT_RETURN_TYPE = YES_ERROR;
				GCC_WARN_UNDECLARED_SELECTOR = YES;
				GCC_WARN_UNINITIALIZED_AUTOS = YES_AGGRESSIVE;
				GCC_WARN_UNUSED_FUNCTION = YES;
				GCC_WARN_UNUSED_VARIABLE = YES;
				IPHONEOS_DEPLOYMENT_TARGET = 16.4;
				LOCALIZATION_PREFERS_STRING_CATALOGS = YES;
				MTL_ENABLE_DEBUG_INFO = NO;
				MTL_FAST_MATH = YES;
				SDKROOT = iphoneos;
				SWIFT_COMPILATION_MODE = wholemodule;
				VALIDATE_PRODUCT = YES;
			};
			name = Release;
		};
		581ADE762B9A153100CA0B6D /* Debug */ = {
			isa = XCBuildConfiguration;
			buildSettings = {
				ASSETCATALOG_COMPILER_APPICON_NAME = AppIcon;
				ASSETCATALOG_COMPILER_GLOBAL_ACCENT_COLOR_NAME = AccentColor;
				CODE_SIGN_STYLE = Automatic;
				CURRENT_PROJECT_VERSION = 1;
				DEVELOPMENT_TEAM = ZA24M56L3B;
				GENERATE_INFOPLIST_FILE = YES;
				INFOPLIST_FILE = MixedNuts02/Info.plist;
				INFOPLIST_KEY_UIApplicationSupportsIndirectInputEvents = YES;
				INFOPLIST_KEY_UILaunchStoryboardName = LaunchScreen;
				INFOPLIST_KEY_UIMainStoryboardFile = Main;
				INFOPLIST_KEY_UISupportedInterfaceOrientations_iPad = "UIInterfaceOrientationPortrait UIInterfaceOrientationPortraitUpsideDown UIInterfaceOrientationLandscapeLeft UIInterfaceOrientationLandscapeRight";
				INFOPLIST_KEY_UISupportedInterfaceOrientations_iPhone = "UIInterfaceOrientationPortrait UIInterfaceOrientationLandscapeLeft UIInterfaceOrientationLandscapeRight";
				LD_RUNPATH_SEARCH_PATHS = (
					"$(inherited)",
					"@executable_path/Frameworks",
				);
				MARKETING_VERSION = 1.0;
				PRODUCT_BUNDLE_IDENTIFIER = com.apptist.MixedNuts02;
				PRODUCT_NAME = "$(TARGET_NAME)";
				SWIFT_EMIT_LOC_STRINGS = YES;
				SWIFT_VERSION = 5.0;
				TARGETED_DEVICE_FAMILY = "1,2";
			};
			name = Debug;
		};
		581ADE772B9A153100CA0B6D /* Release */ = {
			isa = XCBuildConfiguration;
			buildSettings = {
				ASSETCATALOG_COMPILER_APPICON_NAME = AppIcon;
				ASSETCATALOG_COMPILER_GLOBAL_ACCENT_COLOR_NAME = AccentColor;
				CODE_SIGN_STYLE = Automatic;
				CURRENT_PROJECT_VERSION = 1;
				DEVELOPMENT_TEAM = ZA24M56L3B;
				GENERATE_INFOPLIST_FILE = YES;
				INFOPLIST_FILE = MixedNuts02/Info.plist;
				INFOPLIST_KEY_UIApplicationSupportsIndirectInputEvents = YES;
				INFOPLIST_KEY_UILaunchStoryboardName = LaunchScreen;
				INFOPLIST_KEY_UIMainStoryboardFile = Main;
				INFOPLIST_KEY_UISupportedInterfaceOrientations_iPad = "UIInterfaceOrientationPortrait UIInterfaceOrientationPortraitUpsideDown UIInterfaceOrientationLandscapeLeft UIInterfaceOrientationLandscapeRight";
				INFOPLIST_KEY_UISupportedInterfaceOrientations_iPhone = "UIInterfaceOrientationPortrait UIInterfaceOrientationLandscapeLeft UIInterfaceOrientationLandscapeRight";
				LD_RUNPATH_SEARCH_PATHS = (
					"$(inherited)",
					"@executable_path/Frameworks",
				);
				MARKETING_VERSION = 1.0;
				PRODUCT_BUNDLE_IDENTIFIER = com.apptist.MixedNuts02;
				PRODUCT_NAME = "$(TARGET_NAME)";
				SWIFT_EMIT_LOC_STRINGS = YES;
				SWIFT_VERSION = 5.0;
				TARGETED_DEVICE_FAMILY = "1,2";
			};
			name = Release;
		};
/* End XCBuildConfiguration section */

/* Begin XCConfigurationList section */
		581ADE5C2B9A152F00CA0B6D /* Build configuration list for PBXProject "MixedNuts02" */ = {
			isa = XCConfigurationList;
			buildConfigurations = (
				581ADE732B9A153100CA0B6D /* Debug */,
				581ADE742B9A153100CA0B6D /* Release */,
			);
			defaultConfigurationIsVisible = 0;
			defaultConfigurationName = Release;
		};
		581ADE752B9A153100CA0B6D /* Build configuration list for PBXNativeTarget "MixedNuts02" */ = {
			isa = XCConfigurationList;
			buildConfigurations = (
				581ADE762B9A153100CA0B6D /* Debug */,
				581ADE772B9A153100CA0B6D /* Release */,
			);
			defaultConfigurationIsVisible = 0;
			defaultConfigurationName = Release;
		};
/* End XCConfigurationList section */

/* Begin XCRemoteSwiftPackageReference section */
		5813330B2BA0A463001E17B4 /* XCRemoteSwiftPackageReference "firebase-ios-sdk" */ = {
			isa = XCRemoteSwiftPackageReference;
			repositoryURL = "https://github.com/firebase/firebase-ios-sdk";
			requirement = {
				kind = upToNextMajorVersion;
				minimumVersion = 10.22.1;
			};
		};
/* End XCRemoteSwiftPackageReference section */

/* Begin XCSwiftPackageProductDependency section */
		5813330C2BA0A463001E17B4 /* FirebaseAnalytics */ = {
			isa = XCSwiftPackageProductDependency;
			package = 5813330B2BA0A463001E17B4 /* XCRemoteSwiftPackageReference "firebase-ios-sdk" */;
			productName = FirebaseAnalytics;
		};
		5813330E2BA0A463001E17B4 /* FirebaseAnalyticsOnDeviceConversion */ = {
			isa = XCSwiftPackageProductDependency;
			package = 5813330B2BA0A463001E17B4 /* XCRemoteSwiftPackageReference "firebase-ios-sdk" */;
			productName = FirebaseAnalyticsOnDeviceConversion;
		};
		581333102BA0A463001E17B4 /* FirebaseAnalyticsSwift */ = {
			isa = XCSwiftPackageProductDependency;
			package = 5813330B2BA0A463001E17B4 /* XCRemoteSwiftPackageReference "firebase-ios-sdk" */;
			productName = FirebaseAnalyticsSwift;
		};
		581333122BA0A463001E17B4 /* FirebaseAnalyticsWithoutAdIdSupport */ = {
			isa = XCSwiftPackageProductDependency;
			package = 5813330B2BA0A463001E17B4 /* XCRemoteSwiftPackageReference "firebase-ios-sdk" */;
			productName = FirebaseAnalyticsWithoutAdIdSupport;
		};
		581333142BA0A463001E17B4 /* FirebaseAppCheck */ = {
			isa = XCSwiftPackageProductDependency;
			package = 5813330B2BA0A463001E17B4 /* XCRemoteSwiftPackageReference "firebase-ios-sdk" */;
			productName = FirebaseAppCheck;
		};
		581333162BA0A463001E17B4 /* FirebaseAppDistribution-Beta */ = {
			isa = XCSwiftPackageProductDependency;
			package = 5813330B2BA0A463001E17B4 /* XCRemoteSwiftPackageReference "firebase-ios-sdk" */;
			productName = "FirebaseAppDistribution-Beta";
		};
		581333182BA0A463001E17B4 /* FirebaseAuth */ = {
			isa = XCSwiftPackageProductDependency;
			package = 5813330B2BA0A463001E17B4 /* XCRemoteSwiftPackageReference "firebase-ios-sdk" */;
			productName = FirebaseAuth;
		};
		5813331A2BA0A463001E17B4 /* FirebaseAuthCombine-Community */ = {
			isa = XCSwiftPackageProductDependency;
			package = 5813330B2BA0A463001E17B4 /* XCRemoteSwiftPackageReference "firebase-ios-sdk" */;
			productName = "FirebaseAuthCombine-Community";
		};
		5813331C2BA0A463001E17B4 /* FirebaseCrashlytics */ = {
			isa = XCSwiftPackageProductDependency;
			package = 5813330B2BA0A463001E17B4 /* XCRemoteSwiftPackageReference "firebase-ios-sdk" */;
			productName = FirebaseCrashlytics;
		};
		5813331E2BA0A463001E17B4 /* FirebaseDatabase */ = {
			isa = XCSwiftPackageProductDependency;
			package = 5813330B2BA0A463001E17B4 /* XCRemoteSwiftPackageReference "firebase-ios-sdk" */;
			productName = FirebaseDatabase;
		};
		581333202BA0A463001E17B4 /* FirebaseDatabaseSwift */ = {
			isa = XCSwiftPackageProductDependency;
			package = 5813330B2BA0A463001E17B4 /* XCRemoteSwiftPackageReference "firebase-ios-sdk" */;
			productName = FirebaseDatabaseSwift;
		};
		581333222BA0A463001E17B4 /* FirebaseDynamicLinks */ = {
			isa = XCSwiftPackageProductDependency;
			package = 5813330B2BA0A463001E17B4 /* XCRemoteSwiftPackageReference "firebase-ios-sdk" */;
			productName = FirebaseDynamicLinks;
		};
		581333242BA0A463001E17B4 /* FirebaseFirestore */ = {
			isa = XCSwiftPackageProductDependency;
			package = 5813330B2BA0A463001E17B4 /* XCRemoteSwiftPackageReference "firebase-ios-sdk" */;
			productName = FirebaseFirestore;
		};
		581333262BA0A463001E17B4 /* FirebaseFirestoreCombine-Community */ = {
			isa = XCSwiftPackageProductDependency;
			package = 5813330B2BA0A463001E17B4 /* XCRemoteSwiftPackageReference "firebase-ios-sdk" */;
			productName = "FirebaseFirestoreCombine-Community";
		};
		581333282BA0A463001E17B4 /* FirebaseFirestoreSwift */ = {
			isa = XCSwiftPackageProductDependency;
			package = 5813330B2BA0A463001E17B4 /* XCRemoteSwiftPackageReference "firebase-ios-sdk" */;
			productName = FirebaseFirestoreSwift;
		};
		5813332A2BA0A463001E17B4 /* FirebaseFunctions */ = {
			isa = XCSwiftPackageProductDependency;
			package = 5813330B2BA0A463001E17B4 /* XCRemoteSwiftPackageReference "firebase-ios-sdk" */;
			productName = FirebaseFunctions;
		};
		5813332C2BA0A463001E17B4 /* FirebaseFunctionsCombine-Community */ = {
			isa = XCSwiftPackageProductDependency;
			package = 5813330B2BA0A463001E17B4 /* XCRemoteSwiftPackageReference "firebase-ios-sdk" */;
			productName = "FirebaseFunctionsCombine-Community";
		};
		5813332E2BA0A463001E17B4 /* FirebaseInAppMessaging-Beta */ = {
			isa = XCSwiftPackageProductDependency;
			package = 5813330B2BA0A463001E17B4 /* XCRemoteSwiftPackageReference "firebase-ios-sdk" */;
			productName = "FirebaseInAppMessaging-Beta";
		};
		581333302BA0A463001E17B4 /* FirebaseInAppMessagingSwift-Beta */ = {
			isa = XCSwiftPackageProductDependency;
			package = 5813330B2BA0A463001E17B4 /* XCRemoteSwiftPackageReference "firebase-ios-sdk" */;
			productName = "FirebaseInAppMessagingSwift-Beta";
		};
		581333322BA0A463001E17B4 /* FirebaseInstallations */ = {
			isa = XCSwiftPackageProductDependency;
			package = 5813330B2BA0A463001E17B4 /* XCRemoteSwiftPackageReference "firebase-ios-sdk" */;
			productName = FirebaseInstallations;
		};
		581333342BA0A463001E17B4 /* FirebaseMLModelDownloader */ = {
			isa = XCSwiftPackageProductDependency;
			package = 5813330B2BA0A463001E17B4 /* XCRemoteSwiftPackageReference "firebase-ios-sdk" */;
			productName = FirebaseMLModelDownloader;
		};
		581333362BA0A463001E17B4 /* FirebaseMessaging */ = {
			isa = XCSwiftPackageProductDependency;
			package = 5813330B2BA0A463001E17B4 /* XCRemoteSwiftPackageReference "firebase-ios-sdk" */;
			productName = FirebaseMessaging;
		};
		581333382BA0A463001E17B4 /* FirebasePerformance */ = {
			isa = XCSwiftPackageProductDependency;
			package = 5813330B2BA0A463001E17B4 /* XCRemoteSwiftPackageReference "firebase-ios-sdk" */;
			productName = FirebasePerformance;
		};
		5813333A2BA0A463001E17B4 /* FirebaseRemoteConfig */ = {
			isa = XCSwiftPackageProductDependency;
			package = 5813330B2BA0A463001E17B4 /* XCRemoteSwiftPackageReference "firebase-ios-sdk" */;
			productName = FirebaseRemoteConfig;
		};
		5813333C2BA0A463001E17B4 /* FirebaseRemoteConfigSwift */ = {
			isa = XCSwiftPackageProductDependency;
			package = 5813330B2BA0A463001E17B4 /* XCRemoteSwiftPackageReference "firebase-ios-sdk" */;
			productName = FirebaseRemoteConfigSwift;
		};
		5813333E2BA0A463001E17B4 /* FirebaseStorage */ = {
			isa = XCSwiftPackageProductDependency;
			package = 5813330B2BA0A463001E17B4 /* XCRemoteSwiftPackageReference "firebase-ios-sdk" */;
			productName = FirebaseStorage;
		};
		581333402BA0A463001E17B4 /* FirebaseStorageCombine-Community */ = {
			isa = XCSwiftPackageProductDependency;
			package = 5813330B2BA0A463001E17B4 /* XCRemoteSwiftPackageReference "firebase-ios-sdk" */;
			productName = "FirebaseStorageCombine-Community";
		};
/* End XCSwiftPackageProductDependency section */
	};
	rootObject = 581ADE592B9A152F00CA0B6D /* Project object */;
}
